lockfileVersion: '9.0'

settings:
  autoInstallPeers: true
  excludeLinksFromLockfile: false

importers:

  .:
    dependencies:
      '@ludlovian/timer':
        specifier: github:ludlovian/timer
        version: https://codeload.github.com/ludlovian/timer/tar.gz/fa5cf51fba00f2715de2b182d1d546d7a8cbe883

packages:

  '@ludlovian/timer@https://codeload.github.com/ludlovian/timer/tar.gz/fa5cf51fba00f2715de2b182d1d546d7a8cbe883':
    resolution: {tarball: https://codeload.github.com/ludlovian/timer/tar.gz/fa5cf51fba00f2715de2b182d1d546d7a8cbe883}
    version: 3.0.2

snapshots:

  '@ludlovian/timer@https://codeload.github.com/ludlovian/timer/tar.gz/fa5cf51fba00f2715de2b182d1d546d7a8cbe883': {}
