lockfileVersion: '9.0'

settings:
  autoInstallPeers: true
  excludeLinksFromLockfile: false

importers:

  .:
    dependencies:
      '@ludlovian/timer':
        specifier: github:ludlovian/timer
        version: https://codeload.github.com/ludlovian/timer/tar.gz/f5c021e191d528db5e573a07c358477c1ff5f80f

packages:

  '@ludlovian/timer@https://codeload.github.com/ludlovian/timer/tar.gz/f5c021e191d528db5e573a07c358477c1ff5f80f':
    resolution: {tarball: https://codeload.github.com/ludlovian/timer/tar.gz/f5c021e191d528db5e573a07c358477c1ff5f80f}
    version: 3.0.0

snapshots:

  '@ludlovian/timer@https://codeload.github.com/ludlovian/timer/tar.gz/f5c021e191d528db5e573a07c358477c1ff5f80f': {}
