lockfileVersion: '9.0'

settings:
  autoInstallPeers: true
  excludeLinksFromLockfile: false

importers:

  .:
    dependencies:
      '@ludlovian/timer':
        specifier: github:ludlovian/timer
        version: https://codeload.github.com/ludlovian/timer/tar.gz/4c595fc8071c4104036bbebc8d1cecdffaee7722

packages:

  '@ludlovian/timer@https://codeload.github.com/ludlovian/timer/tar.gz/4c595fc8071c4104036bbebc8d1cecdffaee7722':
    resolution: {tarball: https://codeload.github.com/ludlovian/timer/tar.gz/4c595fc8071c4104036bbebc8d1cecdffaee7722}
    version: 3.0.1

snapshots:

  '@ludlovian/timer@https://codeload.github.com/ludlovian/timer/tar.gz/4c595fc8071c4104036bbebc8d1cecdffaee7722': {}
